
Microsoft Visual Studio Solution File, Format Version 12.00
# Visual Studio Version 16
VisualStudioVersion = 16.0.31829.152
MinimumVisualStudioVersion = 10.0.40219.1
Project("{FAE04EC0-301F-11D3-BF4B-00C04F79EFBC}") = "Задание 18", "Задание 18\Задание 18.csproj", "{B2827E2C-C1BD-42B0-8C0D-19059CA6821B}"
EndProject
Global
	GlobalSection(SolutionConfigurationPlatforms) = preSolution
		Debug|Any CPU = Debug|Any CPU
		Release|Any CPU = Release|Any CPU
	EndGlobalSection
	GlobalSection(ProjectConfigurationPlatforms) = postSolution
		{B2827E2C-C1BD-42B0-8C0D-19059CA6821B}.Debug|Any CPU.ActiveCfg = Debug|Any CPU
		{B2827E2C-C1BD-42B0-8C0D-19059CA6821B}.Debug|Any CPU.Build.0 = Debug|Any CPU
		{B2827E2C-C1BD-42B0-8C0D-19059CA6821B}.Release|Any CPU.ActiveCfg = Release|Any CPU
		{B2827E2C-C1BD-42B0-8C0D-19059CA6821B}.Release|Any CPU.Build.0 = Release|Any CPU
	EndGlobalSection
	GlobalSection(SolutionProperties) = preSolution
		HideSolutionNode = FALSE
	EndGlobalSection
	GlobalSection(ExtensibilityGlobals) = postSolution
		SolutionGuid = {22943614-5FBD-4A7B-A5F4-11EAC82E19D9}
	EndGlobalSection
EndGlobal
